
Microsoft Visual Studio Solution File, Format Version 12.00
# Visual Studio 2013
VisualStudioVersion = 12.0.30501.0
MinimumVisualStudioVersion = 10.0.40219.1
Project("{FAE04EC0-301F-11D3-BF4B-00C04F79EFBC}") = "Showpony", "Showpony\Showpony.csproj", "{2DBF6157-AC57-43A8-8A40-7017B04B08BC}"
EndProject
Project("{FAE04EC0-301F-11D3-BF4B-00C04F79EFBC}") = "Showpony.Demo", "Showpony.Demo\Showpony.Demo.csproj", "{79FCBE69-BBC4-48F8-A9A1-0D869FF12C6A}"
EndProject
Global
	GlobalSection(SolutionConfigurationPlatforms) = preSolution
		Debug|Any CPU = Debug|Any CPU
		Release|Any CPU = Release|Any CPU
	EndGlobalSection
	GlobalSection(ProjectConfigurationPlatforms) = postSolution
		{2DBF6157-AC57-43A8-8A40-7017B04B08BC}.Debug|Any CPU.ActiveCfg = Debug|Any CPU
		{2DBF6157-AC57-43A8-8A40-7017B04B08BC}.Debug|Any CPU.Build.0 = Debug|Any CPU
		{2DBF6157-AC57-43A8-8A40-7017B04B08BC}.Release|Any CPU.ActiveCfg = Release|Any CPU
		{2DBF6157-AC57-43A8-8A40-7017B04B08BC}.Release|Any CPU.Build.0 = Release|Any CPU
		{79FCBE69-BBC4-48F8-A9A1-0D869FF12C6A}.Debug|Any CPU.ActiveCfg = Debug|Any CPU
		{79FCBE69-BBC4-48F8-A9A1-0D869FF12C6A}.Debug|Any CPU.Build.0 = Debug|Any CPU
		{79FCBE69-BBC4-48F8-A9A1-0D869FF12C6A}.Release|Any CPU.ActiveCfg = Release|Any CPU
		{79FCBE69-BBC4-48F8-A9A1-0D869FF12C6A}.Release|Any CPU.Build.0 = Release|Any CPU
	EndGlobalSection
	GlobalSection(SolutionProperties) = preSolution
		HideSolutionNode = FALSE
	EndGlobalSection
EndGlobal
